
Microsoft Visual Studio Solution File, Format Version 12.00
# Visual Studio Version 17
VisualStudioVersion = 17.10.34928.147
MinimumVisualStudioVersion = 10.0.40219.1
Project("{FAE04EC0-301F-11D3-BF4B-00C04F79EFBC}") = "#Rock-Paper-Scissors", "#Rock-Paper-Scissors\#Rock-Paper-Scissors.csproj", "{B54A7B6F-E9D9-4B08-8069-008954384405}"
EndProject
Global
	GlobalSection(SolutionConfigurationPlatforms) = preSolution
		Debug|Any CPU = Debug|Any CPU
		Release|Any CPU = Release|Any CPU
	EndGlobalSection
	GlobalSection(ProjectConfigurationPlatforms) = postSolution
		{B54A7B6F-E9D9-4B08-8069-008954384405}.Debug|Any CPU.ActiveCfg = Debug|Any CPU
		{B54A7B6F-E9D9-4B08-8069-008954384405}.Debug|Any CPU.Build.0 = Debug|Any CPU
		{B54A7B6F-E9D9-4B08-8069-008954384405}.Release|Any CPU.ActiveCfg = Release|Any CPU
		{B54A7B6F-E9D9-4B08-8069-008954384405}.Release|Any CPU.Build.0 = Release|Any CPU
	EndGlobalSection
	GlobalSection(SolutionProperties) = preSolution
		HideSolutionNode = FALSE
	EndGlobalSection
	GlobalSection(ExtensibilityGlobals) = postSolution
		SolutionGuid = {FBB4D60A-0630-4EBC-8527-15F737BDCEE8}
	EndGlobalSection
EndGlobal
